// !$*UTF8*$!
{
	archiveVersion = 1;
	classes = {
	};
	objectVersion = 46;
	objects = {

/* Begin PBXBuildFile section */
		A90A398617CA3E8B0049607B /* YAMLKit.m in Sources */ = {isa = PBXBuildFile; fileRef = A933389016B2DC37007A8B78 /* YAMLKit.m */; };
		A90A398717CA3E8B0049607B /* YKEmitter.m in Sources */ = {isa = PBXBuildFile; fileRef = A933389316B2DC37007A8B78 /* YKEmitter.m */; };
		A90A398817CA3E8B0049607B /* YKParser.m in Sources */ = {isa = PBXBuildFile; fileRef = A933389516B2DC37007A8B78 /* YKParser.m */; };
		A90A398917CA3E8B0049607B /* api.c in Sources */ = {isa = PBXBuildFile; fileRef = A933389A16B2DC51007A8B78 /* api.c */; };
		A90A398A17CA3E8B0049607B /* dumper.c in Sources */ = {isa = PBXBuildFile; fileRef = A933389B16B2DC51007A8B78 /* dumper.c */; };
		A90A398B17CA3E8B0049607B /* emitter.c in Sources */ = {isa = PBXBuildFile; fileRef = A933389C16B2DC51007A8B78 /* emitter.c */; };
		A90A398C17CA3E8B0049607B /* loader.c in Sources */ = {isa = PBXBuildFile; fileRef = A933389D16B2DC51007A8B78 /* loader.c */; };
		A90A398D17CA3E8B0049607B /* parser.c in Sources */ = {isa = PBXBuildFile; fileRef = A933389E16B2DC51007A8B78 /* parser.c */; };
		A90A398E17CA3E8B0049607B /* reader.c in Sources */ = {isa = PBXBuildFile; fileRef = A933389F16B2DC51007A8B78 /* reader.c */; };
		A90A398F17CA3E8B0049607B /* scanner.c in Sources */ = {isa = PBXBuildFile; fileRef = A93338A016B2DC51007A8B78 /* scanner.c */; };
		A90A399017CA3E8B0049607B /* writer.c in Sources */ = {isa = PBXBuildFile; fileRef = A93338A116B2DC51007A8B78 /* writer.c */; };
		A90A399217CA3E8B0049607B /* Foundation.framework in Frameworks */ = {isa = PBXBuildFile; fileRef = A944B41F16B2D36800F4CD4D /* Foundation.framework */; };
		A933389616B2DC37007A8B78 /* YAMLKit.m in Sources */ = {isa = PBXBuildFile; fileRef = A933389016B2DC37007A8B78 /* YAMLKit.m */; };
		A933389716B2DC37007A8B78 /* YKEmitter.m in Sources */ = {isa = PBXBuildFile; fileRef = A933389316B2DC37007A8B78 /* YKEmitter.m */; };
		A933389816B2DC37007A8B78 /* YKParser.m in Sources */ = {isa = PBXBuildFile; fileRef = A933389516B2DC37007A8B78 /* YKParser.m */; };
		A93338A316B2DC51007A8B78 /* api.c in Sources */ = {isa = PBXBuildFile; fileRef = A933389A16B2DC51007A8B78 /* api.c */; };
		A93338A416B2DC51007A8B78 /* dumper.c in Sources */ = {isa = PBXBuildFile; fileRef = A933389B16B2DC51007A8B78 /* dumper.c */; };
		A93338A516B2DC51007A8B78 /* emitter.c in Sources */ = {isa = PBXBuildFile; fileRef = A933389C16B2DC51007A8B78 /* emitter.c */; };
		A93338A616B2DC51007A8B78 /* loader.c in Sources */ = {isa = PBXBuildFile; fileRef = A933389D16B2DC51007A8B78 /* loader.c */; };
		A93338A716B2DC51007A8B78 /* parser.c in Sources */ = {isa = PBXBuildFile; fileRef = A933389E16B2DC51007A8B78 /* parser.c */; };
		A93338A816B2DC51007A8B78 /* reader.c in Sources */ = {isa = PBXBuildFile; fileRef = A933389F16B2DC51007A8B78 /* reader.c */; };
		A93338A916B2DC51007A8B78 /* scanner.c in Sources */ = {isa = PBXBuildFile; fileRef = A93338A016B2DC51007A8B78 /* scanner.c */; };
		A93338AA16B2DC51007A8B78 /* writer.c in Sources */ = {isa = PBXBuildFile; fileRef = A93338A116B2DC51007A8B78 /* writer.c */; };
		A944B42016B2D36800F4CD4D /* Foundation.framework in Frameworks */ = {isa = PBXBuildFile; fileRef = A944B41F16B2D36800F4CD4D /* Foundation.framework */; };
/* End PBXBuildFile section */

/* Begin PBXCopyFilesBuildPhase section */
		A90A399317CA3E8B0049607B /* CopyFiles */ = {
			isa = PBXCopyFilesBuildPhase;
			buildActionMask = 2147483647;
			dstPath = "include/${PRODUCT_NAME}";
			dstSubfolderSpec = 16;
			files = (
			);
			runOnlyForDeploymentPostprocessing = 0;
		};
		A944B41A16B2D36800F4CD4D /* CopyFiles */ = {
			isa = PBXCopyFilesBuildPhase;
			buildActionMask = 2147483647;
			dstPath = "include/${PRODUCT_NAME}";
			dstSubfolderSpec = 16;
			files = (
			);
			runOnlyForDeploymentPostprocessing = 0;
		};
/* End PBXCopyFilesBuildPhase section */

/* Begin PBXFileReference section */
		A90A399717CA3E8B0049607B /* libYAMLKit_OSX.a */ = {isa = PBXFileReference; explicitFileType = archive.ar; includeInIndex = 0; path = libYAMLKit_OSX.a; sourceTree = BUILT_PRODUCTS_DIR; };
		A933388F16B2DC37007A8B78 /* YAMLKit.h */ = {isa = PBXFileReference; fileEncoding = 4; lastKnownFileType = sourcecode.c.h; name = YAMLKit.h; path = src/YAMLKit.h; sourceTree = SOURCE_ROOT; };
		A933389016B2DC37007A8B78 /* YAMLKit.m */ = {isa = PBXFileReference; fileEncoding = 4; lastKnownFileType = sourcecode.c.objc; name = YAMLKit.m; path = src/YAMLKit.m; sourceTree = SOURCE_ROOT; };
		A933389116B2DC37007A8B78 /* YKConstants.h */ = {isa = PBXFileReference; fileEncoding = 4; lastKnownFileType = sourcecode.c.h; name = YKConstants.h; path = src/YKConstants.h; sourceTree = SOURCE_ROOT; };
		A933389216B2DC37007A8B78 /* YKEmitter.h */ = {isa = PBXFileReference; fileEncoding = 4; lastKnownFileType = sourcecode.c.h; name = YKEmitter.h; path = src/YKEmitter.h; sourceTree = SOURCE_ROOT; };
		A933389316B2DC37007A8B78 /* YKEmitter.m */ = {isa = PBXFileReference; fileEncoding = 4; lastKnownFileType = sourcecode.c.objc; name = YKEmitter.m; path = src/YKEmitter.m; sourceTree = SOURCE_ROOT; };
		A933389416B2DC37007A8B78 /* YKParser.h */ = {isa = PBXFileReference; fileEncoding = 4; lastKnownFileType = sourcecode.c.h; name = YKParser.h; path = src/YKParser.h; sourceTree = SOURCE_ROOT; };
		A933389516B2DC37007A8B78 /* YKParser.m */ = {isa = PBXFileReference; fileEncoding = 4; lastKnownFileType = sourcecode.c.objc; name = YKParser.m; path = src/YKParser.m; sourceTree = SOURCE_ROOT; };
		A933389916B2DC45007A8B78 /* config.h */ = {isa = PBXFileReference; fileEncoding = 4; lastKnownFileType = sourcecode.c.h; name = config.h; path = "yaml-0.1.4/config.h"; sourceTree = SOURCE_ROOT; };
		A933389A16B2DC51007A8B78 /* api.c */ = {isa = PBXFileReference; fileEncoding = 4; lastKnownFileType = sourcecode.c.c; name = api.c; path = "yaml-0.1.4/src/api.c"; sourceTree = SOURCE_ROOT; };
		A933389B16B2DC51007A8B78 /* dumper.c */ = {isa = PBXFileReference; fileEncoding = 4; lastKnownFileType = sourcecode.c.c; name = dumper.c; path = "yaml-0.1.4/src/dumper.c"; sourceTree = SOURCE_ROOT; };
		A933389C16B2DC51007A8B78 /* emitter.c */ = {isa = PBXFileReference; fileEncoding = 4; lastKnownFileType = sourcecode.c.c; name = emitter.c; path = "yaml-0.1.4/src/emitter.c"; sourceTree = SOURCE_ROOT; };
		A933389D16B2DC51007A8B78 /* loader.c */ = {isa = PBXFileReference; fileEncoding = 4; lastKnownFileType = sourcecode.c.c; name = loader.c; path = "yaml-0.1.4/src/loader.c"; sourceTree = SOURCE_ROOT; };
		A933389E16B2DC51007A8B78 /* parser.c */ = {isa = PBXFileReference; fileEncoding = 4; lastKnownFileType = sourcecode.c.c; name = parser.c; path = "yaml-0.1.4/src/parser.c"; sourceTree = SOURCE_ROOT; };
		A933389F16B2DC51007A8B78 /* reader.c */ = {isa = PBXFileReference; fileEncoding = 4; lastKnownFileType = sourcecode.c.c; name = reader.c; path = "yaml-0.1.4/src/reader.c"; sourceTree = SOURCE_ROOT; };
		A93338A016B2DC51007A8B78 /* scanner.c */ = {isa = PBXFileReference; fileEncoding = 4; lastKnownFileType = sourcecode.c.c; name = scanner.c; path = "yaml-0.1.4/src/scanner.c"; sourceTree = SOURCE_ROOT; };
		A93338A116B2DC51007A8B78 /* writer.c */ = {isa = PBXFileReference; fileEncoding = 4; lastKnownFileType = sourcecode.c.c; name = writer.c; path = "yaml-0.1.4/src/writer.c"; sourceTree = SOURCE_ROOT; };
		A93338A216B2DC51007A8B78 /* yaml_private.h */ = {isa = PBXFileReference; fileEncoding = 4; lastKnownFileType = sourcecode.c.h; name = yaml_private.h; path = "yaml-0.1.4/src/yaml_private.h"; sourceTree = SOURCE_ROOT; };
		A93338AB16B2DC5C007A8B78 /* yaml.h */ = {isa = PBXFileReference; fileEncoding = 4; lastKnownFileType = sourcecode.c.h; name = yaml.h; path = "yaml-0.1.4/include/yaml.h"; sourceTree = SOURCE_ROOT; };
		A93338B016B2DCB2007A8B78 /* YAMLKit_Prefix.pch */ = {isa = PBXFileReference; fileEncoding = 4; lastKnownFileType = sourcecode.c.h; name = YAMLKit_Prefix.pch; path = ../../../../../Desktop/yamlkit/YAMLKit_Prefix.pch; sourceTree = "<group>"; };
		A944B41C16B2D36800F4CD4D /* libYAMLKit.a */ = {isa = PBXFileReference; explicitFileType = archive.ar; includeInIndex = 0; path = libYAMLKit.a; sourceTree = BUILT_PRODUCTS_DIR; };
		A944B41F16B2D36800F4CD4D /* Foundation.framework */ = {isa = PBXFileReference; lastKnownFileType = wrapper.framework; name = Foundation.framework; path = System/Library/Frameworks/Foundation.framework; sourceTree = SDKROOT; };
/* End PBXFileReference section */

/* Begin PBXFrameworksBuildPhase section */
		A90A399117CA3E8B0049607B /* Frameworks */ = {
			isa = PBXFrameworksBuildPhase;
			buildActionMask = 2147483647;
			files = (
				A90A399217CA3E8B0049607B /* Foundation.framework in Frameworks */,
			);
			runOnlyForDeploymentPostprocessing = 0;
		};
		A944B41916B2D36800F4CD4D /* Frameworks */ = {
			isa = PBXFrameworksBuildPhase;
			buildActionMask = 2147483647;
			files = (
				A944B42016B2D36800F4CD4D /* Foundation.framework in Frameworks */,
			);
			runOnlyForDeploymentPostprocessing = 0;
		};
/* End PBXFrameworksBuildPhase section */

/* Begin PBXGroup section */
		A93338AF16B2DC9B007A8B78 /* Other Sources */ = {
			isa = PBXGroup;
			children = (
				A93338B016B2DCB2007A8B78 /* YAMLKit_Prefix.pch */,
			);
			name = "Other Sources";
			sourceTree = "<group>";
		};
		A944B41116B2D36800F4CD4D = {
			isa = PBXGroup;
			children = (
				A944B47C16B2D46000F4CD4D /* yaml-0.1.4 */,
				A944B42D16B2D39600F4CD4D /* src */,
				A93338AF16B2DC9B007A8B78 /* Other Sources */,
				A944B41E16B2D36800F4CD4D /* Frameworks */,
				A944B41D16B2D36800F4CD4D /* Products */,
			);
			sourceTree = "<group>";
		};
		A944B41D16B2D36800F4CD4D /* Products */ = {
			isa = PBXGroup;
			children = (
				A944B41C16B2D36800F4CD4D /* libYAMLKit.a */,
				A90A399717CA3E8B0049607B /* libYAMLKit_OSX.a */,
			);
			name = Products;
			sourceTree = "<group>";
		};
		A944B41E16B2D36800F4CD4D /* Frameworks */ = {
			isa = PBXGroup;
			children = (
				A944B41F16B2D36800F4CD4D /* Foundation.framework */,
			);
			name = Frameworks;
			sourceTree = "<group>";
		};
		A944B42D16B2D39600F4CD4D /* src */ = {
			isa = PBXGroup;
			children = (
				A933388F16B2DC37007A8B78 /* YAMLKit.h */,
				A933389016B2DC37007A8B78 /* YAMLKit.m */,
				A933389116B2DC37007A8B78 /* YKConstants.h */,
				A933389216B2DC37007A8B78 /* YKEmitter.h */,
				A933389316B2DC37007A8B78 /* YKEmitter.m */,
				A933389416B2DC37007A8B78 /* YKParser.h */,
				A933389516B2DC37007A8B78 /* YKParser.m */,
			);
			name = src;
			path = YAMLKit/src;
			sourceTree = "<group>";
		};
		A944B47C16B2D46000F4CD4D /* yaml-0.1.4 */ = {
			isa = PBXGroup;
			children = (
				A933389916B2DC45007A8B78 /* config.h */,
				A933389A16B2DC51007A8B78 /* api.c */,
				A933389B16B2DC51007A8B78 /* dumper.c */,
				A933389C16B2DC51007A8B78 /* emitter.c */,
				A933389D16B2DC51007A8B78 /* loader.c */,
				A933389E16B2DC51007A8B78 /* parser.c */,
				A933389F16B2DC51007A8B78 /* reader.c */,
				A93338A016B2DC51007A8B78 /* scanner.c */,
				A93338A116B2DC51007A8B78 /* writer.c */,
				A93338A216B2DC51007A8B78 /* yaml_private.h */,
				A93338AB16B2DC5C007A8B78 /* yaml.h */,
			);
			name = "yaml-0.1.4";
			path = YAMLKit/src;
			sourceTree = "<group>";
		};
/* End PBXGroup section */

/* Begin PBXNativeTarget section */
		A90A398417CA3E8B0049607B /* YAMLKit_OSX */ = {
			isa = PBXNativeTarget;
			buildConfigurationList = A90A399417CA3E8B0049607B /* Build configuration list for PBXNativeTarget "YAMLKit_OSX" */;
			buildPhases = (
				A90A398517CA3E8B0049607B /* Sources */,
				A90A399117CA3E8B0049607B /* Frameworks */,
				A90A399317CA3E8B0049607B /* CopyFiles */,
			);
			buildRules = (
			);
			dependencies = (
			);
			name = YAMLKit_OSX;
			productName = YAMLKit;
			productReference = A90A399717CA3E8B0049607B /* libYAMLKit_OSX.a */;
			productType = "com.apple.product-type.library.static";
		};
		A944B41B16B2D36800F4CD4D /* YAMLKit_iOS */ = {
			isa = PBXNativeTarget;
			buildConfigurationList = A944B42A16B2D36800F4CD4D /* Build configuration list for PBXNativeTarget "YAMLKit_iOS" */;
			buildPhases = (
				A944B41816B2D36800F4CD4D /* Sources */,
				A944B41916B2D36800F4CD4D /* Frameworks */,
				A944B41A16B2D36800F4CD4D /* CopyFiles */,
			);
			buildRules = (
			);
			dependencies = (
			);
			name = YAMLKit_iOS;
			productName = YAMLKit;
			productReference = A944B41C16B2D36800F4CD4D /* libYAMLKit.a */;
			productType = "com.apple.product-type.library.static";
		};
/* End PBXNativeTarget section */

/* Begin PBXProject section */
		A944B41316B2D36800F4CD4D /* Project object */ = {
			isa = PBXProject;
			attributes = {
				LastUpgradeCheck = 0450;
				ORGANIZATIONNAME = Watson;
			};
			buildConfigurationList = A944B41616B2D36800F4CD4D /* Build configuration list for PBXProject "YAMLKit" */;
			compatibilityVersion = "Xcode 3.2";
			developmentRegion = English;
			hasScannedForEncodings = 0;
			knownRegions = (
				en,
			);
			mainGroup = A944B41116B2D36800F4CD4D;
			productRefGroup = A944B41D16B2D36800F4CD4D /* Products */;
			projectDirPath = "";
			projectRoot = "";
			targets = (
				A944B41B16B2D36800F4CD4D /* YAMLKit_iOS */,
				A90A398417CA3E8B0049607B /* YAMLKit_OSX */,
			);
		};
/* End PBXProject section */

/* Begin PBXSourcesBuildPhase section */
		A90A398517CA3E8B0049607B /* Sources */ = {
			isa = PBXSourcesBuildPhase;
			buildActionMask = 2147483647;
			files = (
				A90A398617CA3E8B0049607B /* YAMLKit.m in Sources */,
				A90A398717CA3E8B0049607B /* YKEmitter.m in Sources */,
				A90A398817CA3E8B0049607B /* YKParser.m in Sources */,
				A90A398917CA3E8B0049607B /* api.c in Sources */,
				A90A398A17CA3E8B0049607B /* dumper.c in Sources */,
				A90A398B17CA3E8B0049607B /* emitter.c in Sources */,
				A90A398C17CA3E8B0049607B /* loader.c in Sources */,
				A90A398D17CA3E8B0049607B /* parser.c in Sources */,
				A90A398E17CA3E8B0049607B /* reader.c in Sources */,
				A90A398F17CA3E8B0049607B /* scanner.c in Sources */,
				A90A399017CA3E8B0049607B /* writer.c in Sources */,
			);
			runOnlyForDeploymentPostprocessing = 0;
		};
		A944B41816B2D36800F4CD4D /* Sources */ = {
			isa = PBXSourcesBuildPhase;
			buildActionMask = 2147483647;
			files = (
				A933389616B2DC37007A8B78 /* YAMLKit.m in Sources */,
				A933389716B2DC37007A8B78 /* YKEmitter.m in Sources */,
				A933389816B2DC37007A8B78 /* YKParser.m in Sources */,
				A93338A316B2DC51007A8B78 /* api.c in Sources */,
				A93338A416B2DC51007A8B78 /* dumper.c in Sources */,
				A93338A516B2DC51007A8B78 /* emitter.c in Sources */,
				A93338A616B2DC51007A8B78 /* loader.c in Sources */,
				A93338A716B2DC51007A8B78 /* parser.c in Sources */,
				A93338A816B2DC51007A8B78 /* reader.c in Sources */,
				A93338A916B2DC51007A8B78 /* scanner.c in Sources */,
				A93338AA16B2DC51007A8B78 /* writer.c in Sources */,
			);
			runOnlyForDeploymentPostprocessing = 0;
		};
/* End PBXSourcesBuildPhase section */

/* Begin XCBuildConfiguration section */
		A90A399517CA3E8B0049607B /* Debug */ = {
			isa = XCBuildConfiguration;
			buildSettings = {
				ARCHS = "$(ARCHS_STANDARD_32_64_BIT)";
				DSTROOT = /tmp/YAMLKit.dst;
				GCC_PRECOMPILE_PREFIX_HEADER = YES;
				GCC_PREFIX_HEADER = YAMLKit_Prefix.pch;
				HEADER_SEARCH_PATHS = "${PROJECT_DIR}/yaml-0.1.4/include";
				MACOSX_DEPLOYMENT_TARGET = 10.7;
				OTHER_LDFLAGS = "-ObjC";
				PRODUCT_NAME = YAMLKit_OSX;
				SDKROOT = macosx;
				SKIP_INSTALL = YES;
			};
			name = Debug;
		};
		A90A399617CA3E8B0049607B /* Release */ = {
			isa = XCBuildConfiguration;
			buildSettings = {
				ARCHS = "$(ARCHS_STANDARD_32_64_BIT)";
				DSTROOT = /tmp/YAMLKit.dst;
				GCC_PRECOMPILE_PREFIX_HEADER = YES;
				GCC_PREFIX_HEADER = YAMLKit_Prefix.pch;
				HEADER_SEARCH_PATHS = "${PROJECT_DIR}/yaml-0.1.4/include";
				MACOSX_DEPLOYMENT_TARGET = 10.7;
				OTHER_LDFLAGS = "-ObjC";
				PRODUCT_NAME = YAMLKit_OSX;
				SDKROOT = macosx;
				SKIP_INSTALL = YES;
			};
			name = Release;
		};
		A944B42816B2D36800F4CD4D /* Debug */ = {
			isa = XCBuildConfiguration;
			buildSettings = {
				ALWAYS_SEARCH_USER_PATHS = NO;
				CLANG_CXX_LANGUAGE_STANDARD = "gnu++0x";
				CLANG_CXX_LIBRARY = "libc++";
				CLANG_WARN_EMPTY_BODY = YES;
				CLANG_WARN__DUPLICATE_METHOD_MATCH = YES;
				COPY_PHASE_STRIP = NO;
				GCC_C_LANGUAGE_STANDARD = gnu99;
				GCC_DYNAMIC_NO_PIC = NO;
				GCC_OPTIMIZATION_LEVEL = 0;
				GCC_PREPROCESSOR_DEFINITIONS = (
					"DEBUG=1",
					"$(inherited)",
				);
				GCC_SYMBOLS_PRIVATE_EXTERN = NO;
				GCC_WARN_ABOUT_RETURN_TYPE = YES;
				GCC_WARN_UNINITIALIZED_AUTOS = YES;
				GCC_WARN_UNUSED_VARIABLE = YES;
				IPHONEOS_DEPLOYMENT_TARGET = 6.0;
				ONLY_ACTIVE_ARCH = YES;
				SDKROOT = iphoneos;
			};
			name = Debug;
		};
		A944B42916B2D36800F4CD4D /* Release */ = {
			isa = XCBuildConfiguration;
			buildSettings = {
				ALWAYS_SEARCH_USER_PATHS = NO;
				CLANG_CXX_LANGUAGE_STANDARD = "gnu++0x";
				CLANG_CXX_LIBRARY = "libc++";
				CLANG_WARN_EMPTY_BODY = YES;
				CLANG_WARN__DUPLICATE_METHOD_MATCH = YES;
				COPY_PHASE_STRIP = YES;
				GCC_C_LANGUAGE_STANDARD = gnu99;
				GCC_WARN_ABOUT_RETURN_TYPE = YES;
				GCC_WARN_UNINITIALIZED_AUTOS = YES;
				GCC_WARN_UNUSED_VARIABLE = YES;
				IPHONEOS_DEPLOYMENT_TARGET = 6.0;
				SDKROOT = iphoneos;
				VALIDATE_PRODUCT = YES;
			};
			name = Release;
		};
		A944B42B16B2D36800F4CD4D /* Debug */ = {
			isa = XCBuildConfiguration;
			buildSettings = {
				DSTROOT = /tmp/YAMLKit.dst;
				GCC_PRECOMPILE_PREFIX_HEADER = YES;
				GCC_PREFIX_HEADER = YAMLKit_Prefix.pch;
				HEADER_SEARCH_PATHS = "${PROJECT_DIR}/yaml-0.1.4/include";
				OTHER_LDFLAGS = "-ObjC";
				PRODUCT_NAME = "$(TARGET_NAME)";
				SKIP_INSTALL = YES;
			};
			name = Debug;
		};
		A944B42C16B2D36800F4CD4D /* Release */ = {
			isa = XCBuildConfiguration;
			buildSettings = {
				DSTROOT = /tmp/YAMLKit.dst;
				GCC_PRECOMPILE_PREFIX_HEADER = YES;
				GCC_PREFIX_HEADER = YAMLKit_Prefix.pch;
				HEADER_SEARCH_PATHS = "${PROJECT_DIR}/yaml-0.1.4/include";
				OTHER_LDFLAGS = "-ObjC";
				PRODUCT_NAME = "$(TARGET_NAME)";
				SKIP_INSTALL = YES;
			};
			name = Release;
		};
/* End XCBuildConfiguration section */

/* Begin XCConfigurationList section */
		A90A399417CA3E8B0049607B /* Build configuration list for PBXNativeTarget "YAMLKit_OSX" */ = {
			isa = XCConfigurationList;
			buildConfigurations = (
				A90A399517CA3E8B0049607B /* Debug */,
				A90A399617CA3E8B0049607B /* Release */,
			);
			defaultConfigurationIsVisible = 0;
			defaultConfigurationName = Release;
		};
		A944B41616B2D36800F4CD4D /* Build configuration list for PBXProject "YAMLKit" */ = {
			isa = XCConfigurationList;
			buildConfigurations = (
				A944B42816B2D36800F4CD4D /* Debug */,
				A944B42916B2D36800F4CD4D /* Release */,
			);
			defaultConfigurationIsVisible = 0;
			defaultConfigurationName = Release;
		};
		A944B42A16B2D36800F4CD4D /* Build configuration list for PBXNativeTarget "YAMLKit_iOS" */ = {
			isa = XCConfigurationList;
			buildConfigurations = (
				A944B42B16B2D36800F4CD4D /* Debug */,
				A944B42C16B2D36800F4CD4D /* Release */,
			);
			defaultConfigurationIsVisible = 0;
			defaultConfigurationName = Release;
		};
/* End XCConfigurationList section */
	};
	rootObject = A944B41316B2D36800F4CD4D /* Project object */;
}
