// !$*UTF8*$!
{
	archiveVersion = 1;
	classes = {
	};
	objectVersion = 46;
	objects = {

/* Begin PBXBuildFile section */
		A90A399217CA3E8B0049607B /* Foundation.framework in Frameworks */ = {isa = PBXBuildFile; fileRef = A944B41F16B2D36800F4CD4D /* Foundation.framework */; };
		A944B42016B2D36800F4CD4D /* Foundation.framework in Frameworks */ = {isa = PBXBuildFile; fileRef = A944B41F16B2D36800F4CD4D /* Foundation.framework */; };
		A9C44F571BF27F1A00C25D25 /* YAMLKit.m in Sources */ = {isa = PBXBuildFile; fileRef = A9C44F4E1BF27F1A00C25D25 /* YAMLKit.m */; };
		A9C44F581BF27F1A00C25D25 /* YAMLKit.m in Sources */ = {isa = PBXBuildFile; fileRef = A9C44F4E1BF27F1A00C25D25 /* YAMLKit.m */; };
		A9C44F591BF27F1A00C25D25 /* YAMLKit.m in Sources */ = {isa = PBXBuildFile; fileRef = A9C44F4E1BF27F1A00C25D25 /* YAMLKit.m */; };
		A9C44F5A1BF27F1A00C25D25 /* YKEmitter.m in Sources */ = {isa = PBXBuildFile; fileRef = A9C44F511BF27F1A00C25D25 /* YKEmitter.m */; };
		A9C44F5B1BF27F1A00C25D25 /* YKEmitter.m in Sources */ = {isa = PBXBuildFile; fileRef = A9C44F511BF27F1A00C25D25 /* YKEmitter.m */; };
		A9C44F5C1BF27F1A00C25D25 /* YKEmitter.m in Sources */ = {isa = PBXBuildFile; fileRef = A9C44F511BF27F1A00C25D25 /* YKEmitter.m */; };
		A9C44F5D1BF27F1A00C25D25 /* YKParser.m in Sources */ = {isa = PBXBuildFile; fileRef = A9C44F531BF27F1A00C25D25 /* YKParser.m */; };
		A9C44F5E1BF27F1A00C25D25 /* YKParser.m in Sources */ = {isa = PBXBuildFile; fileRef = A9C44F531BF27F1A00C25D25 /* YKParser.m */; };
		A9C44F5F1BF27F1A00C25D25 /* YKParser.m in Sources */ = {isa = PBXBuildFile; fileRef = A9C44F531BF27F1A00C25D25 /* YKParser.m */; };
		A9E16D781D9486A7009CCD99 /* YKScanner.m in Sources */ = {isa = PBXBuildFile; fileRef = A9E16D771D9486A7009CCD99 /* YKScanner.m */; };
		A9E16D791D9486A7009CCD99 /* YKScanner.m in Sources */ = {isa = PBXBuildFile; fileRef = A9E16D771D9486A7009CCD99 /* YKScanner.m */; };
		A9E16D7A1D9486A7009CCD99 /* YKScanner.m in Sources */ = {isa = PBXBuildFile; fileRef = A9E16D771D9486A7009CCD99 /* YKScanner.m */; };
		A9E9DBA81DC15364000FEC16 /* api.c in Sources */ = {isa = PBXBuildFile; fileRef = A9E9DBA01DC15364000FEC16 /* api.c */; };
		A9E9DBA91DC15364000FEC16 /* api.c in Sources */ = {isa = PBXBuildFile; fileRef = A9E9DBA01DC15364000FEC16 /* api.c */; };
		A9E9DBAA1DC15364000FEC16 /* api.c in Sources */ = {isa = PBXBuildFile; fileRef = A9E9DBA01DC15364000FEC16 /* api.c */; };
		A9E9DBAB1DC15364000FEC16 /* dumper.c in Sources */ = {isa = PBXBuildFile; fileRef = A9E9DBA11DC15364000FEC16 /* dumper.c */; };
		A9E9DBAC1DC15364000FEC16 /* dumper.c in Sources */ = {isa = PBXBuildFile; fileRef = A9E9DBA11DC15364000FEC16 /* dumper.c */; };
		A9E9DBAD1DC15364000FEC16 /* dumper.c in Sources */ = {isa = PBXBuildFile; fileRef = A9E9DBA11DC15364000FEC16 /* dumper.c */; };
		A9E9DBAE1DC15364000FEC16 /* emitter.c in Sources */ = {isa = PBXBuildFile; fileRef = A9E9DBA21DC15364000FEC16 /* emitter.c */; };
		A9E9DBAF1DC15364000FEC16 /* emitter.c in Sources */ = {isa = PBXBuildFile; fileRef = A9E9DBA21DC15364000FEC16 /* emitter.c */; };
		A9E9DBB01DC15364000FEC16 /* emitter.c in Sources */ = {isa = PBXBuildFile; fileRef = A9E9DBA21DC15364000FEC16 /* emitter.c */; };
		A9E9DBB11DC15364000FEC16 /* loader.c in Sources */ = {isa = PBXBuildFile; fileRef = A9E9DBA31DC15364000FEC16 /* loader.c */; };
		A9E9DBB21DC15364000FEC16 /* loader.c in Sources */ = {isa = PBXBuildFile; fileRef = A9E9DBA31DC15364000FEC16 /* loader.c */; };
		A9E9DBB31DC15364000FEC16 /* loader.c in Sources */ = {isa = PBXBuildFile; fileRef = A9E9DBA31DC15364000FEC16 /* loader.c */; };
		A9E9DBB41DC15364000FEC16 /* parser.c in Sources */ = {isa = PBXBuildFile; fileRef = A9E9DBA41DC15364000FEC16 /* parser.c */; };
		A9E9DBB51DC15364000FEC16 /* parser.c in Sources */ = {isa = PBXBuildFile; fileRef = A9E9DBA41DC15364000FEC16 /* parser.c */; };
		A9E9DBB61DC15364000FEC16 /* parser.c in Sources */ = {isa = PBXBuildFile; fileRef = A9E9DBA41DC15364000FEC16 /* parser.c */; };
		A9E9DBB71DC15364000FEC16 /* reader.c in Sources */ = {isa = PBXBuildFile; fileRef = A9E9DBA51DC15364000FEC16 /* reader.c */; };
		A9E9DBB81DC15364000FEC16 /* reader.c in Sources */ = {isa = PBXBuildFile; fileRef = A9E9DBA51DC15364000FEC16 /* reader.c */; };
		A9E9DBB91DC15364000FEC16 /* reader.c in Sources */ = {isa = PBXBuildFile; fileRef = A9E9DBA51DC15364000FEC16 /* reader.c */; };
		A9E9DBBA1DC15364000FEC16 /* scanner.c in Sources */ = {isa = PBXBuildFile; fileRef = A9E9DBA61DC15364000FEC16 /* scanner.c */; };
		A9E9DBBB1DC15364000FEC16 /* scanner.c in Sources */ = {isa = PBXBuildFile; fileRef = A9E9DBA61DC15364000FEC16 /* scanner.c */; };
		A9E9DBBC1DC15364000FEC16 /* scanner.c in Sources */ = {isa = PBXBuildFile; fileRef = A9E9DBA61DC15364000FEC16 /* scanner.c */; };
		A9E9DBBD1DC15364000FEC16 /* writer.c in Sources */ = {isa = PBXBuildFile; fileRef = A9E9DBA71DC15364000FEC16 /* writer.c */; };
		A9E9DBBE1DC15364000FEC16 /* writer.c in Sources */ = {isa = PBXBuildFile; fileRef = A9E9DBA71DC15364000FEC16 /* writer.c */; };
		A9E9DBBF1DC15364000FEC16 /* writer.c in Sources */ = {isa = PBXBuildFile; fileRef = A9E9DBA71DC15364000FEC16 /* writer.c */; };
/* End PBXBuildFile section */

/* Begin PBXCopyFilesBuildPhase section */
		A90A399317CA3E8B0049607B /* CopyFiles */ = {
			isa = PBXCopyFilesBuildPhase;
			buildActionMask = 2147483647;
			dstPath = "include/${PRODUCT_NAME}";
			dstSubfolderSpec = 16;
			files = (
			);
			runOnlyForDeploymentPostprocessing = 0;
		};
		A944B41A16B2D36800F4CD4D /* CopyFiles */ = {
			isa = PBXCopyFilesBuildPhase;
			buildActionMask = 2147483647;
			dstPath = "include/${PRODUCT_NAME}";
			dstSubfolderSpec = 16;
			files = (
			);
			runOnlyForDeploymentPostprocessing = 0;
		};
		A9C44F411BF27E4200C25D25 /* CopyFiles */ = {
			isa = PBXCopyFilesBuildPhase;
			buildActionMask = 2147483647;
			dstPath = "include/$(PRODUCT_NAME)";
			dstSubfolderSpec = 16;
			files = (
			);
			runOnlyForDeploymentPostprocessing = 0;
		};
/* End PBXCopyFilesBuildPhase section */

/* Begin PBXFileReference section */
		A90A399717CA3E8B0049607B /* libYAMLKit_OSX.a */ = {isa = PBXFileReference; explicitFileType = archive.ar; includeInIndex = 0; path = libYAMLKit_OSX.a; sourceTree = BUILT_PRODUCTS_DIR; };
		A93338B016B2DCB2007A8B78 /* YAMLKit_Prefix.pch */ = {isa = PBXFileReference; fileEncoding = 4; lastKnownFileType = sourcecode.c.h; name = YAMLKit_Prefix.pch; path = ../../../../../Desktop/yamlkit/YAMLKit_Prefix.pch; sourceTree = "<group>"; };
		A944B41C16B2D36800F4CD4D /* libYAMLKit_iOS.a */ = {isa = PBXFileReference; explicitFileType = archive.ar; includeInIndex = 0; path = libYAMLKit_iOS.a; sourceTree = BUILT_PRODUCTS_DIR; };
		A944B41F16B2D36800F4CD4D /* Foundation.framework */ = {isa = PBXFileReference; lastKnownFileType = wrapper.framework; name = Foundation.framework; path = System/Library/Frameworks/Foundation.framework; sourceTree = SDKROOT; };
		A9C44F431BF27E4200C25D25 /* libYAMLKit_tvOS.a */ = {isa = PBXFileReference; explicitFileType = archive.ar; includeInIndex = 0; path = libYAMLKit_tvOS.a; sourceTree = BUILT_PRODUCTS_DIR; };
		A9C44F4D1BF27F1A00C25D25 /* YAMLKit.h */ = {isa = PBXFileReference; fileEncoding = 4; lastKnownFileType = sourcecode.c.h; name = YAMLKit.h; path = src/YAMLKit.h; sourceTree = SOURCE_ROOT; };
		A9C44F4E1BF27F1A00C25D25 /* YAMLKit.m */ = {isa = PBXFileReference; fileEncoding = 4; lastKnownFileType = sourcecode.c.objc; name = YAMLKit.m; path = src/YAMLKit.m; sourceTree = SOURCE_ROOT; };
		A9C44F4F1BF27F1A00C25D25 /* YKConstants.h */ = {isa = PBXFileReference; fileEncoding = 4; lastKnownFileType = sourcecode.c.h; name = YKConstants.h; path = src/YKConstants.h; sourceTree = SOURCE_ROOT; };
		A9C44F501BF27F1A00C25D25 /* YKEmitter.h */ = {isa = PBXFileReference; fileEncoding = 4; lastKnownFileType = sourcecode.c.h; name = YKEmitter.h; path = src/YKEmitter.h; sourceTree = SOURCE_ROOT; };
		A9C44F511BF27F1A00C25D25 /* YKEmitter.m */ = {isa = PBXFileReference; fileEncoding = 4; lastKnownFileType = sourcecode.c.objc; name = YKEmitter.m; path = src/YKEmitter.m; sourceTree = SOURCE_ROOT; };
		A9C44F521BF27F1A00C25D25 /* YKParser.h */ = {isa = PBXFileReference; fileEncoding = 4; lastKnownFileType = sourcecode.c.h; name = YKParser.h; path = src/YKParser.h; sourceTree = SOURCE_ROOT; };
		A9C44F531BF27F1A00C25D25 /* YKParser.m */ = {isa = PBXFileReference; fileEncoding = 4; lastKnownFileType = sourcecode.c.objc; name = YKParser.m; path = src/YKParser.m; sourceTree = SOURCE_ROOT; };
		A9E16D761D9486A7009CCD99 /* YKScanner.h */ = {isa = PBXFileReference; fileEncoding = 4; lastKnownFileType = sourcecode.c.h; name = YKScanner.h; path = src/YKScanner.h; sourceTree = SOURCE_ROOT; };
		A9E16D771D9486A7009CCD99 /* YKScanner.m */ = {isa = PBXFileReference; fileEncoding = 4; lastKnownFileType = sourcecode.c.objc; name = YKScanner.m; path = src/YKScanner.m; sourceTree = SOURCE_ROOT; };
		A9E9DB9D1DC15333000FEC16 /* config.h */ = {isa = PBXFileReference; fileEncoding = 4; lastKnownFileType = sourcecode.c.h; name = config.h; path = "yaml-0.1.7/config.h"; sourceTree = "<group>"; };
		A9E9DB9E1DC15341000FEC16 /* yaml.h */ = {isa = PBXFileReference; fileEncoding = 4; lastKnownFileType = sourcecode.c.h; name = yaml.h; path = "yaml-0.1.7/include/yaml.h"; sourceTree = "<group>"; };
		A9E9DB9F1DC15355000FEC16 /* yaml_private.h */ = {isa = PBXFileReference; fileEncoding = 4; lastKnownFileType = sourcecode.c.h; name = yaml_private.h; path = "yaml-0.1.7/src/yaml_private.h"; sourceTree = "<group>"; };
		A9E9DBA01DC15364000FEC16 /* api.c */ = {isa = PBXFileReference; fileEncoding = 4; lastKnownFileType = sourcecode.c.c; name = api.c; path = "yaml-0.1.7/src/api.c"; sourceTree = "<group>"; };
		A9E9DBA11DC15364000FEC16 /* dumper.c */ = {isa = PBXFileReference; fileEncoding = 4; lastKnownFileType = sourcecode.c.c; name = dumper.c; path = "yaml-0.1.7/src/dumper.c"; sourceTree = "<group>"; };
		A9E9DBA21DC15364000FEC16 /* emitter.c */ = {isa = PBXFileReference; fileEncoding = 4; lastKnownFileType = sourcecode.c.c; name = emitter.c; path = "yaml-0.1.7/src/emitter.c"; sourceTree = "<group>"; };
		A9E9DBA31DC15364000FEC16 /* loader.c */ = {isa = PBXFileReference; fileEncoding = 4; lastKnownFileType = sourcecode.c.c; name = loader.c; path = "yaml-0.1.7/src/loader.c"; sourceTree = "<group>"; };
		A9E9DBA41DC15364000FEC16 /* parser.c */ = {isa = PBXFileReference; fileEncoding = 4; lastKnownFileType = sourcecode.c.c; name = parser.c; path = "yaml-0.1.7/src/parser.c"; sourceTree = "<group>"; };
		A9E9DBA51DC15364000FEC16 /* reader.c */ = {isa = PBXFileReference; fileEncoding = 4; lastKnownFileType = sourcecode.c.c; name = reader.c; path = "yaml-0.1.7/src/reader.c"; sourceTree = "<group>"; };
		A9E9DBA61DC15364000FEC16 /* scanner.c */ = {isa = PBXFileReference; fileEncoding = 4; lastKnownFileType = sourcecode.c.c; name = scanner.c; path = "yaml-0.1.7/src/scanner.c"; sourceTree = "<group>"; };
		A9E9DBA71DC15364000FEC16 /* writer.c */ = {isa = PBXFileReference; fileEncoding = 4; lastKnownFileType = sourcecode.c.c; name = writer.c; path = "yaml-0.1.7/src/writer.c"; sourceTree = "<group>"; };
/* End PBXFileReference section */

/* Begin PBXFrameworksBuildPhase section */
		A90A399117CA3E8B0049607B /* Frameworks */ = {
			isa = PBXFrameworksBuildPhase;
			buildActionMask = 2147483647;
			files = (
				A90A399217CA3E8B0049607B /* Foundation.framework in Frameworks */,
			);
			runOnlyForDeploymentPostprocessing = 0;
		};
		A944B41916B2D36800F4CD4D /* Frameworks */ = {
			isa = PBXFrameworksBuildPhase;
			buildActionMask = 2147483647;
			files = (
				A944B42016B2D36800F4CD4D /* Foundation.framework in Frameworks */,
			);
			runOnlyForDeploymentPostprocessing = 0;
		};
		A9C44F401BF27E4200C25D25 /* Frameworks */ = {
			isa = PBXFrameworksBuildPhase;
			buildActionMask = 2147483647;
			files = (
			);
			runOnlyForDeploymentPostprocessing = 0;
		};
/* End PBXFrameworksBuildPhase section */

/* Begin PBXGroup section */
		A93338AF16B2DC9B007A8B78 /* Other Sources */ = {
			isa = PBXGroup;
			children = (
				A93338B016B2DCB2007A8B78 /* YAMLKit_Prefix.pch */,
			);
			name = "Other Sources";
			sourceTree = "<group>";
		};
		A944B41116B2D36800F4CD4D = {
			isa = PBXGroup;
			children = (
				A9E9DB9C1DC152D2000FEC16 /* yaml-0.1.7 */,
				A944B42D16B2D39600F4CD4D /* src */,
				A93338AF16B2DC9B007A8B78 /* Other Sources */,
				A944B41E16B2D36800F4CD4D /* Frameworks */,
				A944B41D16B2D36800F4CD4D /* Products */,
			);
			sourceTree = "<group>";
		};
		A944B41D16B2D36800F4CD4D /* Products */ = {
			isa = PBXGroup;
			children = (
				A944B41C16B2D36800F4CD4D /* libYAMLKit_iOS.a */,
				A90A399717CA3E8B0049607B /* libYAMLKit_OSX.a */,
				A9C44F431BF27E4200C25D25 /* libYAMLKit_tvOS.a */,
			);
			name = Products;
			sourceTree = "<group>";
		};
		A944B41E16B2D36800F4CD4D /* Frameworks */ = {
			isa = PBXGroup;
			children = (
				A944B41F16B2D36800F4CD4D /* Foundation.framework */,
			);
			name = Frameworks;
			sourceTree = "<group>";
		};
		A944B42D16B2D39600F4CD4D /* src */ = {
			isa = PBXGroup;
			children = (
				A9C44F4D1BF27F1A00C25D25 /* YAMLKit.h */,
				A9C44F4E1BF27F1A00C25D25 /* YAMLKit.m */,
				A9C44F4F1BF27F1A00C25D25 /* YKConstants.h */,
				A9C44F501BF27F1A00C25D25 /* YKEmitter.h */,
				A9C44F511BF27F1A00C25D25 /* YKEmitter.m */,
				A9C44F521BF27F1A00C25D25 /* YKParser.h */,
				A9C44F531BF27F1A00C25D25 /* YKParser.m */,
				A9E16D761D9486A7009CCD99 /* YKScanner.h */,
				A9E16D771D9486A7009CCD99 /* YKScanner.m */,
			);
			name = src;
			path = YAMLKit/src;
			sourceTree = "<group>";
		};
		A9E9DB9C1DC152D2000FEC16 /* yaml-0.1.7 */ = {
			isa = PBXGroup;
			children = (
				A9E9DB9D1DC15333000FEC16 /* config.h */,
				A9E9DB9E1DC15341000FEC16 /* yaml.h */,
				A9E9DB9F1DC15355000FEC16 /* yaml_private.h */,
				A9E9DBA01DC15364000FEC16 /* api.c */,
				A9E9DBA11DC15364000FEC16 /* dumper.c */,
				A9E9DBA21DC15364000FEC16 /* emitter.c */,
				A9E9DBA31DC15364000FEC16 /* loader.c */,
				A9E9DBA41DC15364000FEC16 /* parser.c */,
				A9E9DBA51DC15364000FEC16 /* reader.c */,
				A9E9DBA61DC15364000FEC16 /* scanner.c */,
				A9E9DBA71DC15364000FEC16 /* writer.c */,
			);
			name = "yaml-0.1.7";
			sourceTree = "<group>";
		};
/* End PBXGroup section */

/* Begin PBXNativeTarget section */
		A90A398417CA3E8B0049607B /* YAMLKit_OSX */ = {
			isa = PBXNativeTarget;
			buildConfigurationList = A90A399417CA3E8B0049607B /* Build configuration list for PBXNativeTarget "YAMLKit_OSX" */;
			buildPhases = (
				A90A398517CA3E8B0049607B /* Sources */,
				A90A399117CA3E8B0049607B /* Frameworks */,
				A90A399317CA3E8B0049607B /* CopyFiles */,
			);
			buildRules = (
			);
			dependencies = (
			);
			name = YAMLKit_OSX;
			productName = YAMLKit;
			productReference = A90A399717CA3E8B0049607B /* libYAMLKit_OSX.a */;
			productType = "com.apple.product-type.library.static";
		};
		A944B41B16B2D36800F4CD4D /* YAMLKit_iOS */ = {
			isa = PBXNativeTarget;
			buildConfigurationList = A944B42A16B2D36800F4CD4D /* Build configuration list for PBXNativeTarget "YAMLKit_iOS" */;
			buildPhases = (
				A944B41816B2D36800F4CD4D /* Sources */,
				A944B41916B2D36800F4CD4D /* Frameworks */,
				A944B41A16B2D36800F4CD4D /* CopyFiles */,
			);
			buildRules = (
			);
			dependencies = (
			);
			name = YAMLKit_iOS;
			productName = YAMLKit;
			productReference = A944B41C16B2D36800F4CD4D /* libYAMLKit_iOS.a */;
			productType = "com.apple.product-type.library.static";
		};
		A9C44F421BF27E4200C25D25 /* YAMLKit_tvOS */ = {
			isa = PBXNativeTarget;
			buildConfigurationList = A9C44F4B1BF27E4200C25D25 /* Build configuration list for PBXNativeTarget "YAMLKit_tvOS" */;
			buildPhases = (
				A9C44F3F1BF27E4200C25D25 /* Sources */,
				A9C44F401BF27E4200C25D25 /* Frameworks */,
				A9C44F411BF27E4200C25D25 /* CopyFiles */,
			);
			buildRules = (
			);
			dependencies = (
			);
			name = YAMLKit_tvOS;
			productName = YAMLKit_tvOS;
			productReference = A9C44F431BF27E4200C25D25 /* libYAMLKit_tvOS.a */;
			productType = "com.apple.product-type.library.static";
		};
/* End PBXNativeTarget section */

/* Begin PBXProject section */
		A944B41316B2D36800F4CD4D /* Project object */ = {
			isa = PBXProject;
			attributes = {
				LastUpgradeCheck = 0450;
				ORGANIZATIONNAME = Watson;
				TargetAttributes = {
					A9C44F421BF27E4200C25D25 = {
						CreatedOnToolsVersion = 7.1;
					};
				};
			};
			buildConfigurationList = A944B41616B2D36800F4CD4D /* Build configuration list for PBXProject "YAMLKit" */;
			compatibilityVersion = "Xcode 3.2";
			developmentRegion = English;
			hasScannedForEncodings = 0;
			knownRegions = (
				en,
			);
			mainGroup = A944B41116B2D36800F4CD4D;
			productRefGroup = A944B41D16B2D36800F4CD4D /* Products */;
			projectDirPath = "";
			projectRoot = "";
			targets = (
				A944B41B16B2D36800F4CD4D /* YAMLKit_iOS */,
				A90A398417CA3E8B0049607B /* YAMLKit_OSX */,
				A9C44F421BF27E4200C25D25 /* YAMLKit_tvOS */,
			);
		};
/* End PBXProject section */

/* Begin PBXSourcesBuildPhase section */
		A90A398517CA3E8B0049607B /* Sources */ = {
			isa = PBXSourcesBuildPhase;
			buildActionMask = 2147483647;
			files = (
				A9E9DBB51DC15364000FEC16 /* parser.c in Sources */,
				A9E9DBB21DC15364000FEC16 /* loader.c in Sources */,
				A9E9DBB81DC15364000FEC16 /* reader.c in Sources */,
				A9E9DBBB1DC15364000FEC16 /* scanner.c in Sources */,
				A9E9DBAC1DC15364000FEC16 /* dumper.c in Sources */,
				A9E9DBAF1DC15364000FEC16 /* emitter.c in Sources */,
				A9C44F5B1BF27F1A00C25D25 /* YKEmitter.m in Sources */,
				A9C44F5E1BF27F1A00C25D25 /* YKParser.m in Sources */,
				A9E16D791D9486A7009CCD99 /* YKScanner.m in Sources */,
				A9E9DBA91DC15364000FEC16 /* api.c in Sources */,
				A9E9DBBE1DC15364000FEC16 /* writer.c in Sources */,
				A9C44F581BF27F1A00C25D25 /* YAMLKit.m in Sources */,
			);
			runOnlyForDeploymentPostprocessing = 0;
		};
		A944B41816B2D36800F4CD4D /* Sources */ = {
			isa = PBXSourcesBuildPhase;
			buildActionMask = 2147483647;
			files = (
				A9E9DBB41DC15364000FEC16 /* parser.c in Sources */,
				A9E9DBB11DC15364000FEC16 /* loader.c in Sources */,
				A9E9DBB71DC15364000FEC16 /* reader.c in Sources */,
				A9E9DBBA1DC15364000FEC16 /* scanner.c in Sources */,
				A9E9DBAB1DC15364000FEC16 /* dumper.c in Sources */,
				A9E9DBAE1DC15364000FEC16 /* emitter.c in Sources */,
				A9C44F5A1BF27F1A00C25D25 /* YKEmitter.m in Sources */,
				A9C44F5D1BF27F1A00C25D25 /* YKParser.m in Sources */,
				A9E16D781D9486A7009CCD99 /* YKScanner.m in Sources */,
				A9E9DBA81DC15364000FEC16 /* api.c in Sources */,
				A9E9DBBD1DC15364000FEC16 /* writer.c in Sources */,
				A9C44F571BF27F1A00C25D25 /* YAMLKit.m in Sources */,
			);
			runOnlyForDeploymentPostprocessing = 0;
		};
		A9C44F3F1BF27E4200C25D25 /* Sources */ = {
			isa = PBXSourcesBuildPhase;
			buildActionMask = 2147483647;
			files = (
				A9E9DBB61DC15364000FEC16 /* parser.c in Sources */,
				A9E9DBB31DC15364000FEC16 /* loader.c in Sources */,
				A9E9DBB91DC15364000FEC16 /* reader.c in Sources */,
				A9E9DBBC1DC15364000FEC16 /* scanner.c in Sources */,
				A9E9DBAD1DC15364000FEC16 /* dumper.c in Sources */,
				A9E9DBB01DC15364000FEC16 /* emitter.c in Sources */,
				A9C44F5C1BF27F1A00C25D25 /* YKEmitter.m in Sources */,
				A9C44F5F1BF27F1A00C25D25 /* YKParser.m in Sources */,
				A9E16D7A1D9486A7009CCD99 /* YKScanner.m in Sources */,
				A9E9DBAA1DC15364000FEC16 /* api.c in Sources */,
				A9E9DBBF1DC15364000FEC16 /* writer.c in Sources */,
				A9C44F591BF27F1A00C25D25 /* YAMLKit.m in Sources */,
			);
			runOnlyForDeploymentPostprocessing = 0;
		};
/* End PBXSourcesBuildPhase section */

/* Begin XCBuildConfiguration section */
		A90A399517CA3E8B0049607B /* Debug */ = {
			isa = XCBuildConfiguration;
			buildSettings = {
				ARCHS = "$(ARCHS_STANDARD_32_64_BIT)";
				DSTROOT = /tmp/YAMLKit.dst;
				GCC_PRECOMPILE_PREFIX_HEADER = YES;
				GCC_PREFIX_HEADER = YAMLKit_Prefix.pch;
				HEADER_SEARCH_PATHS = "${PROJECT_DIR}/yaml-0.1.4/include";
				MACOSX_DEPLOYMENT_TARGET = 10.7;
				OTHER_LDFLAGS = "-ObjC";
				PRODUCT_NAME = YAMLKit_OSX;
				SDKROOT = macosx;
				SKIP_INSTALL = YES;
			};
			name = Debug;
		};
		A90A399617CA3E8B0049607B /* Release */ = {
			isa = XCBuildConfiguration;
			buildSettings = {
				ARCHS = "$(ARCHS_STANDARD_32_64_BIT)";
				DSTROOT = /tmp/YAMLKit.dst;
				GCC_PRECOMPILE_PREFIX_HEADER = YES;
				GCC_PREFIX_HEADER = YAMLKit_Prefix.pch;
				HEADER_SEARCH_PATHS = "${PROJECT_DIR}/yaml-0.1.4/include";
				MACOSX_DEPLOYMENT_TARGET = 10.7;
				OTHER_LDFLAGS = "-ObjC";
				PRODUCT_NAME = YAMLKit_OSX;
				SDKROOT = macosx;
				SKIP_INSTALL = YES;
			};
			name = Release;
		};
		A944B42816B2D36800F4CD4D /* Debug */ = {
			isa = XCBuildConfiguration;
			buildSettings = {
				ALWAYS_SEARCH_USER_PATHS = NO;
				CLANG_CXX_LANGUAGE_STANDARD = "gnu++0x";
				CLANG_CXX_LIBRARY = "libc++";
				CLANG_WARN_EMPTY_BODY = YES;
				CLANG_WARN__DUPLICATE_METHOD_MATCH = YES;
				COPY_PHASE_STRIP = NO;
				GCC_C_LANGUAGE_STANDARD = gnu99;
				GCC_DYNAMIC_NO_PIC = NO;
				GCC_OPTIMIZATION_LEVEL = 0;
				GCC_PREPROCESSOR_DEFINITIONS = (
					"DEBUG=1",
					"$(inherited)",
				);
				GCC_SYMBOLS_PRIVATE_EXTERN = NO;
				GCC_WARN_ABOUT_RETURN_TYPE = YES;
				GCC_WARN_UNINITIALIZED_AUTOS = YES;
				GCC_WARN_UNUSED_VARIABLE = YES;
				IPHONEOS_DEPLOYMENT_TARGET = 6.0;
				ONLY_ACTIVE_ARCH = YES;
				SDKROOT = iphoneos;
			};
			name = Debug;
		};
		A944B42916B2D36800F4CD4D /* Release */ = {
			isa = XCBuildConfiguration;
			buildSettings = {
				ALWAYS_SEARCH_USER_PATHS = NO;
				CLANG_CXX_LANGUAGE_STANDARD = "gnu++0x";
				CLANG_CXX_LIBRARY = "libc++";
				CLANG_WARN_EMPTY_BODY = YES;
				CLANG_WARN__DUPLICATE_METHOD_MATCH = YES;
				COPY_PHASE_STRIP = YES;
				GCC_C_LANGUAGE_STANDARD = gnu99;
				GCC_WARN_ABOUT_RETURN_TYPE = YES;
				GCC_WARN_UNINITIALIZED_AUTOS = YES;
				GCC_WARN_UNUSED_VARIABLE = YES;
				IPHONEOS_DEPLOYMENT_TARGET = 6.0;
				SDKROOT = iphoneos;
				VALIDATE_PRODUCT = YES;
			};
			name = Release;
		};
		A944B42B16B2D36800F4CD4D /* Debug */ = {
			isa = XCBuildConfiguration;
			buildSettings = {
				DSTROOT = /tmp/YAMLKit.dst;
				GCC_PRECOMPILE_PREFIX_HEADER = YES;
				GCC_PREFIX_HEADER = YAMLKit_Prefix.pch;
				HEADER_SEARCH_PATHS = "${PROJECT_DIR}/yaml-0.1.4/include";
				OTHER_LDFLAGS = "-ObjC";
				PRODUCT_NAME = "$(TARGET_NAME)";
				SKIP_INSTALL = YES;
			};
			name = Debug;
		};
		A944B42C16B2D36800F4CD4D /* Release */ = {
			isa = XCBuildConfiguration;
			buildSettings = {
				DSTROOT = /tmp/YAMLKit.dst;
				GCC_PRECOMPILE_PREFIX_HEADER = YES;
				GCC_PREFIX_HEADER = YAMLKit_Prefix.pch;
				HEADER_SEARCH_PATHS = "${PROJECT_DIR}/yaml-0.1.4/include";
				OTHER_LDFLAGS = "-ObjC";
				PRODUCT_NAME = "$(TARGET_NAME)";
				SKIP_INSTALL = YES;
			};
			name = Release;
		};
		A9C44F491BF27E4200C25D25 /* Debug */ = {
			isa = XCBuildConfiguration;
			buildSettings = {
				CLANG_ENABLE_MODULES = YES;
				CLANG_ENABLE_OBJC_ARC = NO;
				CLANG_WARN_BOOL_CONVERSION = YES;
				CLANG_WARN_CONSTANT_CONVERSION = YES;
				CLANG_WARN_DIRECT_OBJC_ISA_USAGE = YES_ERROR;
				CLANG_WARN_ENUM_CONVERSION = YES;
				CLANG_WARN_INT_CONVERSION = YES;
				CLANG_WARN_OBJC_ROOT_CLASS = YES_ERROR;
				CLANG_WARN_UNREACHABLE_CODE = YES;
				DEBUG_INFORMATION_FORMAT = dwarf;
				ENABLE_STRICT_OBJC_MSGSEND = YES;
				ENABLE_TESTABILITY = YES;
				GCC_NO_COMMON_BLOCKS = YES;
				GCC_WARN_64_TO_32_BIT_CONVERSION = YES;
				GCC_WARN_ABOUT_RETURN_TYPE = YES_ERROR;
				GCC_WARN_UNDECLARED_SELECTOR = YES;
				GCC_WARN_UNINITIALIZED_AUTOS = YES_AGGRESSIVE;
				GCC_WARN_UNUSED_FUNCTION = YES;
				MTL_ENABLE_DEBUG_INFO = YES;
				OTHER_LDFLAGS = "-ObjC";
				PRODUCT_NAME = "$(TARGET_NAME)";
				SDKROOT = appletvos;
				SKIP_INSTALL = YES;
				TVOS_DEPLOYMENT_TARGET = 9.0;
			};
			name = Debug;
		};
		A9C44F4A1BF27E4200C25D25 /* Release */ = {
			isa = XCBuildConfiguration;
			buildSettings = {
				CLANG_ENABLE_MODULES = YES;
				CLANG_ENABLE_OBJC_ARC = NO;
				CLANG_WARN_BOOL_CONVERSION = YES;
				CLANG_WARN_CONSTANT_CONVERSION = YES;
				CLANG_WARN_DIRECT_OBJC_ISA_USAGE = YES_ERROR;
				CLANG_WARN_ENUM_CONVERSION = YES;
				CLANG_WARN_INT_CONVERSION = YES;
				CLANG_WARN_OBJC_ROOT_CLASS = YES_ERROR;
				CLANG_WARN_UNREACHABLE_CODE = YES;
				COPY_PHASE_STRIP = NO;
				DEBUG_INFORMATION_FORMAT = "dwarf-with-dsym";
				ENABLE_NS_ASSERTIONS = NO;
				ENABLE_STRICT_OBJC_MSGSEND = YES;
				GCC_NO_COMMON_BLOCKS = YES;
				GCC_WARN_64_TO_32_BIT_CONVERSION = YES;
				GCC_WARN_ABOUT_RETURN_TYPE = YES_ERROR;
				GCC_WARN_UNDECLARED_SELECTOR = YES;
				GCC_WARN_UNINITIALIZED_AUTOS = YES_AGGRESSIVE;
				GCC_WARN_UNUSED_FUNCTION = YES;
				MTL_ENABLE_DEBUG_INFO = NO;
				OTHER_LDFLAGS = "-ObjC";
				PRODUCT_NAME = "$(TARGET_NAME)";
				SDKROOT = appletvos;
				SKIP_INSTALL = YES;
				TVOS_DEPLOYMENT_TARGET = 9.0;
			};
			name = Release;
		};
/* End XCBuildConfiguration section */

/* Begin XCConfigurationList section */
		A90A399417CA3E8B0049607B /* Build configuration list for PBXNativeTarget "YAMLKit_OSX" */ = {
			isa = XCConfigurationList;
			buildConfigurations = (
				A90A399517CA3E8B0049607B /* Debug */,
				A90A399617CA3E8B0049607B /* Release */,
			);
			defaultConfigurationIsVisible = 0;
			defaultConfigurationName = Release;
		};
		A944B41616B2D36800F4CD4D /* Build configuration list for PBXProject "YAMLKit" */ = {
			isa = XCConfigurationList;
			buildConfigurations = (
				A944B42816B2D36800F4CD4D /* Debug */,
				A944B42916B2D36800F4CD4D /* Release */,
			);
			defaultConfigurationIsVisible = 0;
			defaultConfigurationName = Release;
		};
		A944B42A16B2D36800F4CD4D /* Build configuration list for PBXNativeTarget "YAMLKit_iOS" */ = {
			isa = XCConfigurationList;
			buildConfigurations = (
				A944B42B16B2D36800F4CD4D /* Debug */,
				A944B42C16B2D36800F4CD4D /* Release */,
			);
			defaultConfigurationIsVisible = 0;
			defaultConfigurationName = Release;
		};
		A9C44F4B1BF27E4200C25D25 /* Build configuration list for PBXNativeTarget "YAMLKit_tvOS" */ = {
			isa = XCConfigurationList;
			buildConfigurations = (
				A9C44F491BF27E4200C25D25 /* Debug */,
				A9C44F4A1BF27E4200C25D25 /* Release */,
			);
			defaultConfigurationIsVisible = 0;
			defaultConfigurationName = Release;
		};
/* End XCConfigurationList section */
	};
	rootObject = A944B41316B2D36800F4CD4D /* Project object */;
}
